// !$*UTF8*$!
{
	archiveVersion = 1;
	classes = {
	};
	objectVersion = 55;
	objects = {

/* Begin PBXBuildFile section */
		316ED7E327E5A2A4007D3A9B /* LogInViewController.swift in Sources */ = {isa = PBXBuildFile; fileRef = 316ED7E227E5A2A4007D3A9B /* LogInViewController.swift */; };
		3172D1B027C9FE60009A4C28 /* AppDelegate.swift in Sources */ = {isa = PBXBuildFile; fileRef = 3172D1AF27C9FE60009A4C28 /* AppDelegate.swift */; };
		3172D1B927C9FE61009A4C28 /* Assets.xcassets in Resources */ = {isa = PBXBuildFile; fileRef = 3172D1B827C9FE61009A4C28 /* Assets.xcassets */; };
		3172D1BC27C9FE61009A4C28 /* LaunchScreen.storyboard in Resources */ = {isa = PBXBuildFile; fileRef = 3172D1BA27C9FE61009A4C28 /* LaunchScreen.storyboard */; };
		3172D1C627CA29C5009A4C28 /* FeedViewController.swift in Sources */ = {isa = PBXBuildFile; fileRef = 3172D1C527CA29C5009A4C28 /* FeedViewController.swift */; };
		3172D1C827CA29DB009A4C28 /* ProfileViewController.swift in Sources */ = {isa = PBXBuildFile; fileRef = 3172D1C727CA29DB009A4C28 /* ProfileViewController.swift */; };
		3172D1CD27CA6314009A4C28 /* PostViewController.swift in Sources */ = {isa = PBXBuildFile; fileRef = 3172D1CC27CA6314009A4C28 /* PostViewController.swift */; };
		3172D1CF27CA648B009A4C28 /* TabBarController.swift in Sources */ = {isa = PBXBuildFile; fileRef = 3172D1CE27CA648B009A4C28 /* TabBarController.swift */; };
		3172D1D127CA7A6C009A4C28 /* Code.swift in Sources */ = {isa = PBXBuildFile; fileRef = 3172D1D027CA7A6C009A4C28 /* Code.swift */; };
		3172D1D327CA7C32009A4C28 /* InfoViewController.swift in Sources */ = {isa = PBXBuildFile; fileRef = 3172D1D227CA7C32009A4C28 /* InfoViewController.swift */; };
		31F0714427D34F3A000E9FA6 /* ProfileHeaderView.swift in Sources */ = {isa = PBXBuildFile; fileRef = 31F0714327D34F3A000E9FA6 /* ProfileHeaderView.swift */; };
/* End PBXBuildFile section */

/* Begin PBXFileReference section */
		316ED7E227E5A2A4007D3A9B /* LogInViewController.swift */ = {isa = PBXFileReference; lastKnownFileType = sourcecode.swift; path = LogInViewController.swift; sourceTree = "<group>"; };
		3172D1AC27C9FE60009A4C28 /* Navigation.app */ = {isa = PBXFileReference; explicitFileType = wrapper.application; includeInIndex = 0; path = Navigation.app; sourceTree = BUILT_PRODUCTS_DIR; };
		3172D1AF27C9FE60009A4C28 /* AppDelegate.swift */ = {isa = PBXFileReference; lastKnownFileType = sourcecode.swift; path = AppDelegate.swift; sourceTree = "<group>"; };
		3172D1B827C9FE61009A4C28 /* Assets.xcassets */ = {isa = PBXFileReference; lastKnownFileType = folder.assetcatalog; path = Assets.xcassets; sourceTree = "<group>"; };
		3172D1BB27C9FE61009A4C28 /* Base */ = {isa = PBXFileReference; lastKnownFileType = file.storyboard; name = Base; path = Base.lproj/LaunchScreen.storyboard; sourceTree = "<group>"; };
		3172D1BD27C9FE61009A4C28 /* Info.plist */ = {isa = PBXFileReference; lastKnownFileType = text.plist.xml; path = Info.plist; sourceTree = "<group>"; };
		3172D1C527CA29C5009A4C28 /* FeedViewController.swift */ = {isa = PBXFileReference; lastKnownFileType = sourcecode.swift; path = FeedViewController.swift; sourceTree = "<group>"; };
		3172D1C727CA29DB009A4C28 /* ProfileViewController.swift */ = {isa = PBXFileReference; lastKnownFileType = sourcecode.swift; path = ProfileViewController.swift; sourceTree = "<group>"; };
		3172D1CC27CA6314009A4C28 /* PostViewController.swift */ = {isa = PBXFileReference; lastKnownFileType = sourcecode.swift; path = PostViewController.swift; sourceTree = "<group>"; };
		3172D1CE27CA648B009A4C28 /* TabBarController.swift */ = {isa = PBXFileReference; lastKnownFileType = sourcecode.swift; path = TabBarController.swift; sourceTree = "<group>"; };
		3172D1D027CA7A6C009A4C28 /* Code.swift */ = {isa = PBXFileReference; lastKnownFileType = sourcecode.swift; path = Code.swift; sourceTree = "<group>"; };
		3172D1D227CA7C32009A4C28 /* InfoViewController.swift */ = {isa = PBXFileReference; lastKnownFileType = sourcecode.swift; path = InfoViewController.swift; sourceTree = "<group>"; };
		31F0714327D34F3A000E9FA6 /* ProfileHeaderView.swift */ = {isa = PBXFileReference; lastKnownFileType = sourcecode.swift; path = ProfileHeaderView.swift; sourceTree = "<group>"; };
/* End PBXFileReference section */

/* Begin PBXFrameworksBuildPhase section */
		3172D1A927C9FE60009A4C28 /* Frameworks */ = {
			isa = PBXFrameworksBuildPhase;
			buildActionMask = 2147483647;
			files = (
			);
			runOnlyForDeploymentPostprocessing = 0;
		};
/* End PBXFrameworksBuildPhase section */

/* Begin PBXGroup section */
		3172D1A327C9FE60009A4C28 = {
			isa = PBXGroup;
			children = (
				3172D1AE27C9FE60009A4C28 /* Navigation */,
				3172D1AD27C9FE60009A4C28 /* Products */,
			);
			sourceTree = "<group>";
		};
		3172D1AD27C9FE60009A4C28 /* Products */ = {
			isa = PBXGroup;
			children = (
				3172D1AC27C9FE60009A4C28 /* Navigation.app */,
			);
			name = Products;
			sourceTree = "<group>";
		};
		3172D1AE27C9FE60009A4C28 /* Navigation */ = {
			isa = PBXGroup;
			children = (
				3172D1C927CA2C2C009A4C28 /* Application */,
				31F0714227D34F10000E9FA6 /* Profile */,
				3172D1CA27CA2C41009A4C28 /* Controllers */,
				3172D1CB27CA2C8A009A4C28 /* Resources */,
			);
			path = Navigation;
			sourceTree = "<group>";
		};
		3172D1C927CA2C2C009A4C28 /* Application */ = {
			isa = PBXGroup;
			children = (
				3172D1AF27C9FE60009A4C28 /* AppDelegate.swift */,
			);
			path = Application;
			sourceTree = "<group>";
		};
		3172D1CA27CA2C41009A4C28 /* Controllers */ = {
			isa = PBXGroup;
			children = (
				3172D1CE27CA648B009A4C28 /* TabBarController.swift */,
				316ED7E227E5A2A4007D3A9B /* LogInViewController.swift */,
				3172D1C727CA29DB009A4C28 /* ProfileViewController.swift */,
				3172D1C527CA29C5009A4C28 /* FeedViewController.swift */,
				3172D1CC27CA6314009A4C28 /* PostViewController.swift */,
				3172D1D227CA7C32009A4C28 /* InfoViewController.swift */,
			);
			path = Controllers;
			sourceTree = "<group>";
		};
		3172D1CB27CA2C8A009A4C28 /* Resources */ = {
			isa = PBXGroup;
			children = (
				3172D1D027CA7A6C009A4C28 /* Code.swift */,
				3172D1BD27C9FE61009A4C28 /* Info.plist */,
				3172D1BA27C9FE61009A4C28 /* LaunchScreen.storyboard */,
				3172D1B827C9FE61009A4C28 /* Assets.xcassets */,
			);
			path = Resources;
			sourceTree = "<group>";
		};
		31F0714227D34F10000E9FA6 /* Profile */ = {
			isa = PBXGroup;
			children = (
				31F0714327D34F3A000E9FA6 /* ProfileHeaderView.swift */,
			);
			path = Profile;
			sourceTree = "<group>";
		};
/* End PBXGroup section */

/* Begin PBXNativeTarget section */
		3172D1AB27C9FE60009A4C28 /* Navigation */ = {
			isa = PBXNativeTarget;
			buildConfigurationList = 3172D1C027C9FE61009A4C28 /* Build configuration list for PBXNativeTarget "Navigation" */;
			buildPhases = (
				3172D1A827C9FE60009A4C28 /* Sources */,
				3172D1A927C9FE60009A4C28 /* Frameworks */,
				3172D1AA27C9FE60009A4C28 /* Resources */,
			);
			buildRules = (
			);
			dependencies = (
			);
			name = Navigation;
			productName = Navigation;
			productReference = 3172D1AC27C9FE60009A4C28 /* Navigation.app */;
			productType = "com.apple.product-type.application";
		};
/* End PBXNativeTarget section */

/* Begin PBXProject section */
		3172D1A427C9FE60009A4C28 /* Project object */ = {
			isa = PBXProject;
			attributes = {
				BuildIndependentTargetsInParallel = 1;
				LastSwiftUpdateCheck = 1320;
				LastUpgradeCheck = 1320;
				TargetAttributes = {
					3172D1AB27C9FE60009A4C28 = {
						CreatedOnToolsVersion = 13.2.1;
					};
				};
			};
			buildConfigurationList = 3172D1A727C9FE60009A4C28 /* Build configuration list for PBXProject "Navigation" */;
			compatibilityVersion = "Xcode 13.0";
			developmentRegion = en;
			hasScannedForEncodings = 0;
			knownRegions = (
				en,
				Base,
			);
			mainGroup = 3172D1A327C9FE60009A4C28;
			productRefGroup = 3172D1AD27C9FE60009A4C28 /* Products */;
			projectDirPath = "";
			projectRoot = "";
			targets = (
				3172D1AB27C9FE60009A4C28 /* Navigation */,
			);
		};
/* End PBXProject section */

/* Begin PBXResourcesBuildPhase section */
		3172D1AA27C9FE60009A4C28 /* Resources */ = {
			isa = PBXResourcesBuildPhase;
			buildActionMask = 2147483647;
			files = (
				3172D1BC27C9FE61009A4C28 /* LaunchScreen.storyboard in Resources */,
				3172D1B927C9FE61009A4C28 /* Assets.xcassets in Resources */,
			);
			runOnlyForDeploymentPostprocessing = 0;
		};
/* End PBXResourcesBuildPhase section */

/* Begin PBXSourcesBuildPhase section */
		3172D1A827C9FE60009A4C28 /* Sources */ = {
			isa = PBXSourcesBuildPhase;
			buildActionMask = 2147483647;
			files = (
				3172D1C627CA29C5009A4C28 /* FeedViewController.swift in Sources */,
				3172D1C827CA29DB009A4C28 /* ProfileViewController.swift in Sources */,
				316ED7E327E5A2A4007D3A9B /* LogInViewController.swift in Sources */,
				3172D1CF27CA648B009A4C28 /* TabBarController.swift in Sources */,
				3172D1D327CA7C32009A4C28 /* InfoViewController.swift in Sources */,
				3172D1B027C9FE60009A4C28 /* AppDelegate.swift in Sources */,
				3172D1D127CA7A6C009A4C28 /* Code.swift in Sources */,
				3172D1CD27CA6314009A4C28 /* PostViewController.swift in Sources */,
				31F0714427D34F3A000E9FA6 /* ProfileHeaderView.swift in Sources */,
			);
			runOnlyForDeploymentPostprocessing = 0;
		};
/* End PBXSourcesBuildPhase section */

/* Begin PBXVariantGroup section */
		3172D1BA27C9FE61009A4C28 /* LaunchScreen.storyboard */ = {
			isa = PBXVariantGroup;
			children = (
				3172D1BB27C9FE61009A4C28 /* Base */,
			);
			name = LaunchScreen.storyboard;
			sourceTree = "<group>";
		};
/* End PBXVariantGroup section */

/* Begin XCBuildConfiguration section */
		3172D1BE27C9FE61009A4C28 /* Debug */ = {
			isa = XCBuildConfiguration;
			buildSettings = {
				ALWAYS_SEARCH_USER_PATHS = NO;
				CLANG_ANALYZER_NONNULL = YES;
				CLANG_ANALYZER_NUMBER_OBJECT_CONVERSION = YES_AGGRESSIVE;
				CLANG_CXX_LANGUAGE_STANDARD = "gnu++17";
				CLANG_CXX_LIBRARY = "libc++";
				CLANG_ENABLE_MODULES = YES;
				CLANG_ENABLE_OBJC_ARC = YES;
				CLANG_ENABLE_OBJC_WEAK = YES;
				CLANG_WARN_BLOCK_CAPTURE_AUTORELEASING = YES;
				CLANG_WARN_BOOL_CONVERSION = YES;
				CLANG_WARN_COMMA = YES;
				CLANG_WARN_CONSTANT_CONVERSION = YES;
				CLANG_WARN_DEPRECATED_OBJC_IMPLEMENTATIONS = YES;
				CLANG_WARN_DIRECT_OBJC_ISA_USAGE = YES_ERROR;
				CLANG_WARN_DOCUMENTATION_COMMENTS = YES;
				CLANG_WARN_EMPTY_BODY = YES;
				CLANG_WARN_ENUM_CONVERSION = YES;
				CLANG_WARN_INFINITE_RECURSION = YES;
				CLANG_WARN_INT_CONVERSION = YES;
				CLANG_WARN_NON_LITERAL_NULL_CONVERSION = YES;
				CLANG_WARN_OBJC_IMPLICIT_RETAIN_SELF = YES;
				CLANG_WARN_OBJC_LITERAL_CONVERSION = YES;
				CLANG_WARN_OBJC_ROOT_CLASS = YES_ERROR;
				CLANG_WARN_QUOTED_INCLUDE_IN_FRAMEWORK_HEADER = YES;
				CLANG_WARN_RANGE_LOOP_ANALYSIS = YES;
				CLANG_WARN_STRICT_PROTOTYPES = YES;
				CLANG_WARN_SUSPICIOUS_MOVE = YES;
				CLANG_WARN_UNGUARDED_AVAILABILITY = YES_AGGRESSIVE;
				CLANG_WARN_UNREACHABLE_CODE = YES;
				CLANG_WARN__DUPLICATE_METHOD_MATCH = YES;
				COPY_PHASE_STRIP = NO;
				DEBUG_INFORMATION_FORMAT = dwarf;
				ENABLE_STRICT_OBJC_MSGSEND = YES;
				ENABLE_TESTABILITY = YES;
				GCC_C_LANGUAGE_STANDARD = gnu11;
				GCC_DYNAMIC_NO_PIC = NO;
				GCC_NO_COMMON_BLOCKS = YES;
				GCC_OPTIMIZATION_LEVEL = 0;
				GCC_PREPROCESSOR_DEFINITIONS = (
					"DEBUG=1",
					"$(inherited)",
				);
				GCC_WARN_64_TO_32_BIT_CONVERSION = YES;
				GCC_WARN_ABOUT_RETURN_TYPE = YES_ERROR;
				GCC_WARN_UNDECLARED_SELECTOR = YES;
				GCC_WARN_UNINITIALIZED_AUTOS = YES_AGGRESSIVE;
				GCC_WARN_UNUSED_FUNCTION = YES;
				GCC_WARN_UNUSED_VARIABLE = YES;
				IPHONEOS_DEPLOYMENT_TARGET = 15.2;
				MTL_ENABLE_DEBUG_INFO = INCLUDE_SOURCE;
				MTL_FAST_MATH = YES;
				ONLY_ACTIVE_ARCH = YES;
				SDKROOT = iphoneos;
				SWIFT_ACTIVE_COMPILATION_CONDITIONS = DEBUG;
				SWIFT_OPTIMIZATION_LEVEL = "-Onone";
			};
			name = Debug;
		};
		3172D1BF27C9FE61009A4C28 /* Release */ = {
			isa = XCBuildConfiguration;
			buildSettings = {
				ALWAYS_SEARCH_USER_PATHS = NO;
				CLANG_ANALYZER_NONNULL = YES;
				CLANG_ANALYZER_NUMBER_OBJECT_CONVERSION = YES_AGGRESSIVE;
				CLANG_CXX_LANGUAGE_STANDARD = "gnu++17";
				CLANG_CXX_LIBRARY = "libc++";
				CLANG_ENABLE_MODULES = YES;
				CLANG_ENABLE_OBJC_ARC = YES;
				CLANG_ENABLE_OBJC_WEAK = YES;
				CLANG_WARN_BLOCK_CAPTURE_AUTORELEASING = YES;
				CLANG_WARN_BOOL_CONVERSION = YES;
				CLANG_WARN_COMMA = YES;
				CLANG_WARN_CONSTANT_CONVERSION = YES;
				CLANG_WARN_DEPRECATED_OBJC_IMPLEMENTATIONS = YES;
				CLANG_WARN_DIRECT_OBJC_ISA_USAGE = YES_ERROR;
				CLANG_WARN_DOCUMENTATION_COMMENTS = YES;
				CLANG_WARN_EMPTY_BODY = YES;
				CLANG_WARN_ENUM_CONVERSION = YES;
				CLANG_WARN_INFINITE_RECURSION = YES;
				CLANG_WARN_INT_CONVERSION = YES;
				CLANG_WARN_NON_LITERAL_NULL_CONVERSION = YES;
				CLANG_WARN_OBJC_IMPLICIT_RETAIN_SELF = YES;
				CLANG_WARN_OBJC_LITERAL_CONVERSION = YES;
				CLANG_WARN_OBJC_ROOT_CLASS = YES_ERROR;
				CLANG_WARN_QUOTED_INCLUDE_IN_FRAMEWORK_HEADER = YES;
				CLANG_WARN_RANGE_LOOP_ANALYSIS = YES;
				CLANG_WARN_STRICT_PROTOTYPES = YES;
				CLANG_WARN_SUSPICIOUS_MOVE = YES;
				CLANG_WARN_UNGUARDED_AVAILABILITY = YES_AGGRESSIVE;
				CLANG_WARN_UNREACHABLE_CODE = YES;
				CLANG_WARN__DUPLICATE_METHOD_MATCH = YES;
				COPY_PHASE_STRIP = NO;
				DEBUG_INFORMATION_FORMAT = "dwarf-with-dsym";
				ENABLE_NS_ASSERTIONS = NO;
				ENABLE_STRICT_OBJC_MSGSEND = YES;
				GCC_C_LANGUAGE_STANDARD = gnu11;
				GCC_NO_COMMON_BLOCKS = YES;
				GCC_WARN_64_TO_32_BIT_CONVERSION = YES;
				GCC_WARN_ABOUT_RETURN_TYPE = YES_ERROR;
				GCC_WARN_UNDECLARED_SELECTOR = YES;
				GCC_WARN_UNINITIALIZED_AUTOS = YES_AGGRESSIVE;
				GCC_WARN_UNUSED_FUNCTION = YES;
				GCC_WARN_UNUSED_VARIABLE = YES;
				IPHONEOS_DEPLOYMENT_TARGET = 15.2;
				MTL_ENABLE_DEBUG_INFO = NO;
				MTL_FAST_MATH = YES;
				SDKROOT = iphoneos;
				SWIFT_COMPILATION_MODE = wholemodule;
				SWIFT_OPTIMIZATION_LEVEL = "-O";
				VALIDATE_PRODUCT = YES;
			};
			name = Release;
		};
		3172D1C127C9FE61009A4C28 /* Debug */ = {
			isa = XCBuildConfiguration;
			buildSettings = {
				ASSETCATALOG_COMPILER_APPICON_NAME = AppIcon;
				ASSETCATALOG_COMPILER_GLOBAL_ACCENT_COLOR_NAME = AccentColor;
				CODE_SIGN_STYLE = Automatic;
				CURRENT_PROJECT_VERSION = 1;
				DEVELOPMENT_TEAM = WAA8C53LKT;
				GENERATE_INFOPLIST_FILE = YES;
				INFOPLIST_FILE = Navigation/Resources/Info.plist;
				INFOPLIST_KEY_UIApplicationSupportsIndirectInputEvents = YES;
				INFOPLIST_KEY_UILaunchStoryboardName = LaunchScreen;
				INFOPLIST_KEY_UISupportedInterfaceOrientations_iPad = "UIInterfaceOrientationPortrait UIInterfaceOrientationPortraitUpsideDown UIInterfaceOrientationLandscapeLeft UIInterfaceOrientationLandscapeRight";
				INFOPLIST_KEY_UISupportedInterfaceOrientations_iPhone = "UIInterfaceOrientationPortrait UIInterfaceOrientationLandscapeLeft UIInterfaceOrientationLandscapeRight";
				LD_RUNPATH_SEARCH_PATHS = (
					"$(inherited)",
					"@executable_path/Frameworks",
				);
				MARKETING_VERSION = 1.0;
				PRODUCT_BUNDLE_IDENTIFIER = "com.aalipur-icloud.Navigation";
				PRODUCT_NAME = "$(TARGET_NAME)";
				SWIFT_EMIT_LOC_STRINGS = YES;
				SWIFT_VERSION = 5.0;
				TARGETED_DEVICE_FAMILY = "1,2";
			};
			name = Debug;
		};
		3172D1C227C9FE61009A4C28 /* Release */ = {
			isa = XCBuildConfiguration;
			buildSettings = {
				ASSETCATALOG_COMPILER_APPICON_NAME = AppIcon;
				ASSETCATALOG_COMPILER_GLOBAL_ACCENT_COLOR_NAME = AccentColor;
				CODE_SIGN_STYLE = Automatic;
				CURRENT_PROJECT_VERSION = 1;
				DEVELOPMENT_TEAM = WAA8C53LKT;
				GENERATE_INFOPLIST_FILE = YES;
				INFOPLIST_FILE = Navigation/Resources/Info.plist;
				INFOPLIST_KEY_UIApplicationSupportsIndirectInputEvents = YES;
				INFOPLIST_KEY_UILaunchStoryboardName = LaunchScreen;
				INFOPLIST_KEY_UISupportedInterfaceOrientations_iPad = "UIInterfaceOrientationPortrait UIInterfaceOrientationPortraitUpsideDown UIInterfaceOrientationLandscapeLeft UIInterfaceOrientationLandscapeRight";
				INFOPLIST_KEY_UISupportedInterfaceOrientations_iPhone = "UIInterfaceOrientationPortrait UIInterfaceOrientationLandscapeLeft UIInterfaceOrientationLandscapeRight";
				LD_RUNPATH_SEARCH_PATHS = (
					"$(inherited)",
					"@executable_path/Frameworks",
				);
				MARKETING_VERSION = 1.0;
				PRODUCT_BUNDLE_IDENTIFIER = "com.aalipur-icloud.Navigation";
				PRODUCT_NAME = "$(TARGET_NAME)";
				SWIFT_EMIT_LOC_STRINGS = YES;
				SWIFT_VERSION = 5.0;
				TARGETED_DEVICE_FAMILY = "1,2";
			};
			name = Release;
		};
/* End XCBuildConfiguration section */

/* Begin XCConfigurationList section */
		3172D1A727C9FE60009A4C28 /* Build configuration list for PBXProject "Navigation" */ = {
			isa = XCConfigurationList;
			buildConfigurations = (
				3172D1BE27C9FE61009A4C28 /* Debug */,
				3172D1BF27C9FE61009A4C28 /* Release */,
			);
			defaultConfigurationIsVisible = 0;
			defaultConfigurationName = Release;
		};
		3172D1C027C9FE61009A4C28 /* Build configuration list for PBXNativeTarget "Navigation" */ = {
			isa = XCConfigurationList;
			buildConfigurations = (
				3172D1C127C9FE61009A4C28 /* Debug */,
				3172D1C227C9FE61009A4C28 /* Release */,
			);
			defaultConfigurationIsVisible = 0;
			defaultConfigurationName = Release;
		};
/* End XCConfigurationList section */
	};
	rootObject = 3172D1A427C9FE60009A4C28 /* Project object */;
}
